{
  "name": "wsphp",
  "lockfileVersion": 3,
  "requires": true,
  "packages": {
    "": {
      "dependencies": {
        "php-form": "^0.0.8"
      }
    },
    "node_modules/php-form": {
      "version": "0.0.8",
      "resolved": "https://registry.npmjs.org/php-form/-/php-form-0.0.8.tgz",
      "integrity": "sha512-QJVkcFkSyDPzZFJP7f7vi+Dpp1vkN4p0EACsonJoFMNhFJSY1PntUCEBHjSCA66E+ojL2nnBaEwGWFmtQIGENA=="
    }
  }
}
